
Microsoft Visual Studio Solution File, Format Version 12.00
# Visual Studio Version 17
VisualStudioVersion = 17.11.35017.193
MinimumVisualStudioVersion = 10.0.40219.1
Project("{9A19103F-16F7-4668-BE54-9A1E7A4F7556}") = "LoginFormProject", "LoginFormProject\LoginFormProject.csproj", "{203BF16E-CCCA-4263-9488-62F8469586AD}"
EndProject
Project("{9A19103F-16F7-4668-BE54-9A1E7A4F7556}") = "UI", "UI\UI.csproj", "{ACD3D2B7-AD37-46F2-B22F-4A5E2B9717FF}"
EndProject
Global
	GlobalSection(SolutionConfigurationPlatforms) = preSolution
		Debug|Any CPU = Debug|Any CPU
		Release|Any CPU = Release|Any CPU
	EndGlobalSection
	GlobalSection(ProjectConfigurationPlatforms) = postSolution
		{203BF16E-CCCA-4263-9488-62F8469586AD}.Debug|Any CPU.ActiveCfg = Debug|Any CPU
		{203BF16E-CCCA-4263-9488-62F8469586AD}.Debug|Any CPU.Build.0 = Debug|Any CPU
		{203BF16E-CCCA-4263-9488-62F8469586AD}.Release|Any CPU.ActiveCfg = Release|Any CPU
		{203BF16E-CCCA-4263-9488-62F8469586AD}.Release|Any CPU.Build.0 = Release|Any CPU
		{ACD3D2B7-AD37-46F2-B22F-4A5E2B9717FF}.Debug|Any CPU.ActiveCfg = Debug|Any CPU
		{ACD3D2B7-AD37-46F2-B22F-4A5E2B9717FF}.Debug|Any CPU.Build.0 = Debug|Any CPU
		{ACD3D2B7-AD37-46F2-B22F-4A5E2B9717FF}.Release|Any CPU.ActiveCfg = Release|Any CPU
		{ACD3D2B7-AD37-46F2-B22F-4A5E2B9717FF}.Release|Any CPU.Build.0 = Release|Any CPU
	EndGlobalSection
	GlobalSection(SolutionProperties) = preSolution
		HideSolutionNode = FALSE
	EndGlobalSection
	GlobalSection(ExtensibilityGlobals) = postSolution
		SolutionGuid = {906E5810-BDB0-4E28-8F73-F20FE1B20F73}
	EndGlobalSection
EndGlobal
